
Microsoft Visual Studio Solution File, Format Version 12.00
# Visual Studio Version 16
VisualStudioVersion = 16.0.31025.194
MinimumVisualStudioVersion = 10.0.40219.1
Project("{FAE04EC0-301F-11D3-BF4B-00C04F79EFBC}") = "Task_1", "Task_1\Task_1.csproj", "{3950FEAE-80C5-4427-8227-8F6525EE302E}"
EndProject
Project("{FAE04EC0-301F-11D3-BF4B-00C04F79EFBC}") = "Task_1.Foundation", "Task_1.Foundation\Task_1.Foundation.csproj", "{33208E9B-B382-4B4C-B99D-3458A063D30A}"
EndProject
Global
	GlobalSection(SolutionConfigurationPlatforms) = preSolution
		Debug|Any CPU = Debug|Any CPU
		Release|Any CPU = Release|Any CPU
	EndGlobalSection
	GlobalSection(ProjectConfigurationPlatforms) = postSolution
		{3950FEAE-80C5-4427-8227-8F6525EE302E}.Debug|Any CPU.ActiveCfg = Debug|Any CPU
		{3950FEAE-80C5-4427-8227-8F6525EE302E}.Debug|Any CPU.Build.0 = Debug|Any CPU
		{3950FEAE-80C5-4427-8227-8F6525EE302E}.Release|Any CPU.ActiveCfg = Release|Any CPU
		{3950FEAE-80C5-4427-8227-8F6525EE302E}.Release|Any CPU.Build.0 = Release|Any CPU
		{33208E9B-B382-4B4C-B99D-3458A063D30A}.Debug|Any CPU.ActiveCfg = Debug|Any CPU
		{33208E9B-B382-4B4C-B99D-3458A063D30A}.Debug|Any CPU.Build.0 = Debug|Any CPU
		{33208E9B-B382-4B4C-B99D-3458A063D30A}.Release|Any CPU.ActiveCfg = Release|Any CPU
		{33208E9B-B382-4B4C-B99D-3458A063D30A}.Release|Any CPU.Build.0 = Release|Any CPU
	EndGlobalSection
	GlobalSection(SolutionProperties) = preSolution
		HideSolutionNode = FALSE
	EndGlobalSection
	GlobalSection(ExtensibilityGlobals) = postSolution
		SolutionGuid = {68ED0EAB-FC1C-4438-BC8C-C9A7C6E15783}
	EndGlobalSection
EndGlobal
